
Microsoft Visual Studio Solution File, Format Version 12.00
# Visual Studio Version 17
VisualStudioVersion = 17.14.36811.4 d17.14
MinimumVisualStudioVersion = 10.0.40219.1
Project("{FAE04EC0-301F-11D3-BF4B-00C04F79EFBC}") = "NationArmaments", "NationArmaments.csproj", "{5DA41066-E983-4C69-8AEE-C9F6052ECFCC}"
EndProject
Global
	GlobalSection(SolutionConfigurationPlatforms) = preSolution
		Debug|Any CPU = Debug|Any CPU
		Release|Any CPU = Release|Any CPU
	EndGlobalSection
	GlobalSection(ProjectConfigurationPlatforms) = postSolution
		{5DA41066-E983-4C69-8AEE-C9F6052ECFCC}.Debug|Any CPU.ActiveCfg = Debug|Any CPU
		{5DA41066-E983-4C69-8AEE-C9F6052ECFCC}.Debug|Any CPU.Build.0 = Debug|Any CPU
		{5DA41066-E983-4C69-8AEE-C9F6052ECFCC}.Release|Any CPU.ActiveCfg = Release|Any CPU
		{5DA41066-E983-4C69-8AEE-C9F6052ECFCC}.Release|Any CPU.Build.0 = Release|Any CPU
	EndGlobalSection
	GlobalSection(SolutionProperties) = preSolution
		HideSolutionNode = FALSE
	EndGlobalSection
	GlobalSection(ExtensibilityGlobals) = postSolution
		SolutionGuid = {0C4D8CA2-2C09-47E4-8E61-8FD7078ECED5}
	EndGlobalSection
EndGlobal
